
Microsoft Visual Studio Solution File, Format Version 12.00
# Visual Studio Version 17
VisualStudioVersion = 17.4.33213.308
MinimumVisualStudioVersion = 10.0.40219.1
Project("{FAE04EC0-301F-11D3-BF4B-00C04F79EFBC}") = "ByteBank", "ByteBank.csproj", "{C3385FFD-FA95-4CE4-955D-C148292BE611}"
EndProject
Global
	GlobalSection(SolutionConfigurationPlatforms) = preSolution
		Debug|Any CPU = Debug|Any CPU
		Release|Any CPU = Release|Any CPU
	EndGlobalSection
	GlobalSection(ProjectConfigurationPlatforms) = postSolution
		{C3385FFD-FA95-4CE4-955D-C148292BE611}.Debug|Any CPU.ActiveCfg = Debug|Any CPU
		{C3385FFD-FA95-4CE4-955D-C148292BE611}.Debug|Any CPU.Build.0 = Debug|Any CPU
		{C3385FFD-FA95-4CE4-955D-C148292BE611}.Release|Any CPU.ActiveCfg = Release|Any CPU
		{C3385FFD-FA95-4CE4-955D-C148292BE611}.Release|Any CPU.Build.0 = Release|Any CPU
	EndGlobalSection
	GlobalSection(SolutionProperties) = preSolution
		HideSolutionNode = FALSE
	EndGlobalSection
	GlobalSection(ExtensibilityGlobals) = postSolution
		SolutionGuid = {F5D8DBC9-033F-4632-A371-3F1E50DF7ACF}
	EndGlobalSection
EndGlobal
